
Microsoft Visual Studio Solution File, Format Version 12.00
# Visual Studio Version 16
VisualStudioVersion = 16.0.30523.141
MinimumVisualStudioVersion = 10.0.40219.1
Project("{FAE04EC0-301F-11D3-BF4B-00C04F79EFBC}") = "Calculator windform", "Calculator windform.csproj", "{8B5EF4F9-C2E2-40F2-A4C2-BD32DA177C10}"
EndProject
Global
	GlobalSection(SolutionConfigurationPlatforms) = preSolution
		Debug|Any CPU = Debug|Any CPU
		Release|Any CPU = Release|Any CPU
	EndGlobalSection
	GlobalSection(ProjectConfigurationPlatforms) = postSolution
		{8B5EF4F9-C2E2-40F2-A4C2-BD32DA177C10}.Debug|Any CPU.ActiveCfg = Debug|Any CPU
		{8B5EF4F9-C2E2-40F2-A4C2-BD32DA177C10}.Debug|Any CPU.Build.0 = Debug|Any CPU
		{8B5EF4F9-C2E2-40F2-A4C2-BD32DA177C10}.Release|Any CPU.ActiveCfg = Release|Any CPU
		{8B5EF4F9-C2E2-40F2-A4C2-BD32DA177C10}.Release|Any CPU.Build.0 = Release|Any CPU
	EndGlobalSection
	GlobalSection(SolutionProperties) = preSolution
		HideSolutionNode = FALSE
	EndGlobalSection
	GlobalSection(ExtensibilityGlobals) = postSolution
		SolutionGuid = {44306188-4DDC-43A8-BA32-4590F9FCCAB1}
	EndGlobalSection
EndGlobal
